
Microsoft Visual Studio Solution File, Format Version 12.00
# Visual Studio Version 17
VisualStudioVersion = 17.2.32526.322
MinimumVisualStudioVersion = 10.0.40219.1
Project("{FAE04EC0-301F-11D3-BF4B-00C04F79EFBC}") = "MobiFlightConnector", "MobiFlightConnector.csproj", "{FAD08758-74C5-4DBA-9BC5-1AD98A0FE87B}"
	ProjectSection(ProjectDependencies) = postProject
		{9891291C-16A1-48B7-BAEE-9FE876663E0E} = {9891291C-16A1-48B7-BAEE-9FE876663E0E}
		{657624C9-3CA3-4DB3-8107-2CC0356A5026} = {657624C9-3CA3-4DB3-8107-2CC0356A5026}
		{3CF8F8FC-6F5C-46F8-94DC-C2E4C505ECA4} = {3CF8F8FC-6F5C-46F8-94DC-C2E4C505ECA4}
	EndProjectSection
EndProject
Project("{FAE04EC0-301F-11D3-BF4B-00C04F79EFBC}") = "MobiFlightUnitTests", "MobiFlightUnitTests\MobiFlightUnitTests.csproj", "{89216209-3FEA-4722-B8F3-C7AFC9C0DC77}"
	ProjectSection(ProjectDependencies) = postProject
		{FAD08758-74C5-4DBA-9BC5-1AD98A0FE87B} = {FAD08758-74C5-4DBA-9BC5-1AD98A0FE87B}
	EndProjectSection
EndProject
Project("{FAE04EC0-301F-11D3-BF4B-00C04F79EFBC}") = "VersionInfo", "VersionInfo\VersionInfo.csproj", "{657624C9-3CA3-4DB3-8107-2CC0356A5026}"
EndProject
Project("{FAE04EC0-301F-11D3-BF4B-00C04F79EFBC}") = "MobiFlightInstaller", "MobiFlight-Installer\MobiFlight-Installer\MobiFlightInstaller.csproj", "{9891291C-16A1-48B7-BAEE-9FE876663E0E}"
EndProject
Project("{FAE04EC0-301F-11D3-BF4B-00C04F79EFBC}") = "CommandMessenger", "CmdMessenger\CommandMessenger\CommandMessenger.csproj", "{3CF8F8FC-6F5C-46F8-94DC-C2E4C505ECA4}"
EndProject
Project("{FAE04EC0-301F-11D3-BF4B-00C04F79EFBC}") = "CommandMessenger.Transport.Serial", "CmdMessenger\CommandMessenger.Transport.Serial\CommandMessenger.Transport.Serial.csproj", "{00D85F0B-00A5-41FA-8A99-428C0199C663}"
EndProject
Global
	GlobalSection(SolutionConfigurationPlatforms) = preSolution
		Debug|Any CPU = Debug|Any CPU
		Debug|x86 = Debug|x86
		Release|Any CPU = Release|Any CPU
		Release|x86 = Release|x86
	EndGlobalSection
	GlobalSection(ProjectConfigurationPlatforms) = postSolution
		{FAD08758-74C5-4DBA-9BC5-1AD98A0FE87B}.Debug|Any CPU.ActiveCfg = Debug|x86
		{FAD08758-74C5-4DBA-9BC5-1AD98A0FE87B}.Debug|x86.ActiveCfg = Debug|x86
		{FAD08758-74C5-4DBA-9BC5-1AD98A0FE87B}.Debug|x86.Build.0 = Debug|x86
		{FAD08758-74C5-4DBA-9BC5-1AD98A0FE87B}.Release|Any CPU.ActiveCfg = Release|x86
		{FAD08758-74C5-4DBA-9BC5-1AD98A0FE87B}.Release|x86.ActiveCfg = Release|x86
		{FAD08758-74C5-4DBA-9BC5-1AD98A0FE87B}.Release|x86.Build.0 = Release|x86
		{89216209-3FEA-4722-B8F3-C7AFC9C0DC77}.Debug|Any CPU.ActiveCfg = Debug|Any CPU
		{89216209-3FEA-4722-B8F3-C7AFC9C0DC77}.Debug|Any CPU.Build.0 = Debug|Any CPU
		{89216209-3FEA-4722-B8F3-C7AFC9C0DC77}.Debug|x86.ActiveCfg = Debug|Any CPU
		{89216209-3FEA-4722-B8F3-C7AFC9C0DC77}.Debug|x86.Build.0 = Debug|Any CPU
		{89216209-3FEA-4722-B8F3-C7AFC9C0DC77}.Release|Any CPU.ActiveCfg = Release|Any CPU
		{89216209-3FEA-4722-B8F3-C7AFC9C0DC77}.Release|Any CPU.Build.0 = Release|Any CPU
		{89216209-3FEA-4722-B8F3-C7AFC9C0DC77}.Release|x86.ActiveCfg = Release|Any CPU
		{89216209-3FEA-4722-B8F3-C7AFC9C0DC77}.Release|x86.Build.0 = Release|Any CPU
		{657624C9-3CA3-4DB3-8107-2CC0356A5026}.Debug|Any CPU.ActiveCfg = Debug|Any CPU
		{657624C9-3CA3-4DB3-8107-2CC0356A5026}.Debug|Any CPU.Build.0 = Debug|Any CPU
		{657624C9-3CA3-4DB3-8107-2CC0356A5026}.Debug|x86.ActiveCfg = Debug|Any CPU
		{657624C9-3CA3-4DB3-8107-2CC0356A5026}.Debug|x86.Build.0 = Debug|Any CPU
		{657624C9-3CA3-4DB3-8107-2CC0356A5026}.Release|Any CPU.ActiveCfg = Release|Any CPU
		{657624C9-3CA3-4DB3-8107-2CC0356A5026}.Release|Any CPU.Build.0 = Release|Any CPU
		{657624C9-3CA3-4DB3-8107-2CC0356A5026}.Release|x86.ActiveCfg = Release|Any CPU
		{657624C9-3CA3-4DB3-8107-2CC0356A5026}.Release|x86.Build.0 = Release|Any CPU
		{9891291C-16A1-48B7-BAEE-9FE876663E0E}.Debug|Any CPU.ActiveCfg = Debug|Any CPU
		{9891291C-16A1-48B7-BAEE-9FE876663E0E}.Debug|Any CPU.Build.0 = Debug|Any CPU
		{9891291C-16A1-48B7-BAEE-9FE876663E0E}.Debug|x86.ActiveCfg = Debug|Any CPU
		{9891291C-16A1-48B7-BAEE-9FE876663E0E}.Debug|x86.Build.0 = Debug|Any CPU
		{9891291C-16A1-48B7-BAEE-9FE876663E0E}.Release|Any CPU.ActiveCfg = Release|Any CPU
		{9891291C-16A1-48B7-BAEE-9FE876663E0E}.Release|Any CPU.Build.0 = Release|Any CPU
		{9891291C-16A1-48B7-BAEE-9FE876663E0E}.Release|x86.ActiveCfg = Release|Any CPU
		{9891291C-16A1-48B7-BAEE-9FE876663E0E}.Release|x86.Build.0 = Release|Any CPU
		{3CF8F8FC-6F5C-46F8-94DC-C2E4C505ECA4}.Debug|Any CPU.ActiveCfg = Debug|Any CPU
		{3CF8F8FC-6F5C-46F8-94DC-C2E4C505ECA4}.Debug|Any CPU.Build.0 = Debug|Any CPU
		{3CF8F8FC-6F5C-46F8-94DC-C2E4C505ECA4}.Debug|x86.ActiveCfg = Debug|x86
		{3CF8F8FC-6F5C-46F8-94DC-C2E4C505ECA4}.Debug|x86.Build.0 = Debug|x86
		{3CF8F8FC-6F5C-46F8-94DC-C2E4C505ECA4}.Release|Any CPU.ActiveCfg = Release|Any CPU
		{3CF8F8FC-6F5C-46F8-94DC-C2E4C505ECA4}.Release|Any CPU.Build.0 = Release|Any CPU
		{3CF8F8FC-6F5C-46F8-94DC-C2E4C505ECA4}.Release|x86.ActiveCfg = Release|x86
		{3CF8F8FC-6F5C-46F8-94DC-C2E4C505ECA4}.Release|x86.Build.0 = Release|x86
		{00D85F0B-00A5-41FA-8A99-428C0199C663}.Debug|Any CPU.ActiveCfg = Debug|Any CPU
		{00D85F0B-00A5-41FA-8A99-428C0199C663}.Debug|Any CPU.Build.0 = Debug|Any CPU
		{00D85F0B-00A5-41FA-8A99-428C0199C663}.Debug|x86.ActiveCfg = Debug|x86
		{00D85F0B-00A5-41FA-8A99-428C0199C663}.Debug|x86.Build.0 = Debug|x86
		{00D85F0B-00A5-41FA-8A99-428C0199C663}.Release|Any CPU.ActiveCfg = Release|Any CPU
		{00D85F0B-00A5-41FA-8A99-428C0199C663}.Release|Any CPU.Build.0 = Release|Any CPU
		{00D85F0B-00A5-41FA-8A99-428C0199C663}.Release|x86.ActiveCfg = Release|x86
		{00D85F0B-00A5-41FA-8A99-428C0199C663}.Release|x86.Build.0 = Release|x86
	EndGlobalSection
	GlobalSection(SolutionProperties) = preSolution
		HideSolutionNode = FALSE
	EndGlobalSection
	GlobalSection(ExtensibilityGlobals) = postSolution
		SolutionGuid = {178FE40B-FB4C-4B70-9949-40A70BFA1DE8}
	EndGlobalSection
EndGlobal
