
Microsoft Visual Studio Solution File, Format Version 12.00
# Visual Studio 15
VisualStudioVersion = 15.0.28307.168
MinimumVisualStudioVersion = 10.0.40219.1
Project("{FAE04EC0-301F-11D3-BF4B-00C04F79EFBC}") = "MobiFlightConnector", "MobiFlightConnector.csproj", "{FAD08758-74C5-4DBA-9BC5-1AD98A0FE87B}"
	ProjectSection(ProjectDependencies) = postProject
		{9891291C-16A1-48B7-BAEE-9FE876663E0E} = {9891291C-16A1-48B7-BAEE-9FE876663E0E}
		{657624C9-3CA3-4DB3-8107-2CC0356A5026} = {657624C9-3CA3-4DB3-8107-2CC0356A5026}
		{3CF8F8FC-6F5C-46F8-94DC-C2E4C505ECA4} = {3CF8F8FC-6F5C-46F8-94DC-C2E4C505ECA4}
	EndProjectSection
EndProject
Project("{FAE04EC0-301F-11D3-BF4B-00C04F79EFBC}") = "AutoUpdater.NET", "AutoUpdater.NET\AutoUpdater.NET\trunk\AutoUpdater.NET\AutoUpdater.NET.csproj", "{FB9E7E6B-B19F-4F37-A708-2996190CEF13}"
EndProject
Project("{FAE04EC0-301F-11D3-BF4B-00C04F79EFBC}") = "MobiFlightUnitTests", "MobiFlightUnitTests\MobiFlightUnitTests.csproj", "{89216209-3FEA-4722-B8F3-C7AFC9C0DC77}"
EndProject
Project("{FAE04EC0-301F-11D3-BF4B-00C04F79EFBC}") = "VersionInfo", "VersionInfo\VersionInfo.csproj", "{657624C9-3CA3-4DB3-8107-2CC0356A5026}"
EndProject
Project("{FAE04EC0-301F-11D3-BF4B-00C04F79EFBC}") = "CommandMessenger", "CmdMessenger\CmdMessenger\CSharp\CommandMessenger\CommandMessenger.csproj", "{3CF8F8FC-6F5C-46F8-94DC-C2E4C505ECA4}"
EndProject
Project("{FAE04EC0-301F-11D3-BF4B-00C04F79EFBC}") = "MobiFlight-Updater", "MobiFlightUpdater\MobiFlight-Updater\MobiFlight-Updater.csproj", "{9891291C-16A1-48B7-BAEE-9FE876663E0E}"
EndProject
Global
	GlobalSection(SolutionConfigurationPlatforms) = preSolution
		Debug|Any CPU = Debug|Any CPU
		Debug|Mixed Platforms = Debug|Mixed Platforms
		Debug|x86 = Debug|x86
		Debug-Mobiflight (DE)|Any CPU = Debug-Mobiflight (DE)|Any CPU
		Debug-Mobiflight (DE)|Mixed Platforms = Debug-Mobiflight (DE)|Mixed Platforms
		Debug-Mobiflight (DE)|x86 = Debug-Mobiflight (DE)|x86
		Debug-Mobiflight (EN)|Any CPU = Debug-Mobiflight (EN)|Any CPU
		Debug-Mobiflight (EN)|Mixed Platforms = Debug-Mobiflight (EN)|Mixed Platforms
		Debug-Mobiflight (EN)|x86 = Debug-Mobiflight (EN)|x86
		Debug-Mobiflight Offline|Any CPU = Debug-Mobiflight Offline|Any CPU
		Debug-Mobiflight Offline|Mixed Platforms = Debug-Mobiflight Offline|Mixed Platforms
		Debug-Mobiflight Offline|x86 = Debug-Mobiflight Offline|x86
		Debug-Mobiflight|Any CPU = Debug-Mobiflight|Any CPU
		Debug-Mobiflight|Mixed Platforms = Debug-Mobiflight|Mixed Platforms
		Debug-Mobiflight|x86 = Debug-Mobiflight|x86
		Release|Any CPU = Release|Any CPU
		Release|Mixed Platforms = Release|Mixed Platforms
		Release|x86 = Release|x86
		Release-Mobiflight (EN)|Any CPU = Release-Mobiflight (EN)|Any CPU
		Release-Mobiflight (EN)|Mixed Platforms = Release-Mobiflight (EN)|Mixed Platforms
		Release-Mobiflight (EN)|x86 = Release-Mobiflight (EN)|x86
		Release-Mobiflight|Any CPU = Release-Mobiflight|Any CPU
		Release-Mobiflight|Mixed Platforms = Release-Mobiflight|Mixed Platforms
		Release-Mobiflight|x86 = Release-Mobiflight|x86
	EndGlobalSection
	GlobalSection(ProjectConfigurationPlatforms) = postSolution
		{FAD08758-74C5-4DBA-9BC5-1AD98A0FE87B}.Debug|Any CPU.ActiveCfg = Debug|x86
		{FAD08758-74C5-4DBA-9BC5-1AD98A0FE87B}.Debug|Mixed Platforms.ActiveCfg = Debug|x86
		{FAD08758-74C5-4DBA-9BC5-1AD98A0FE87B}.Debug|Mixed Platforms.Build.0 = Debug|x86
		{FAD08758-74C5-4DBA-9BC5-1AD98A0FE87B}.Debug|x86.ActiveCfg = Debug|x86
		{FAD08758-74C5-4DBA-9BC5-1AD98A0FE87B}.Debug|x86.Build.0 = Debug|x86
		{FAD08758-74C5-4DBA-9BC5-1AD98A0FE87B}.Debug-Mobiflight (DE)|Any CPU.ActiveCfg = Debug-Mobiflight (DE)|x86
		{FAD08758-74C5-4DBA-9BC5-1AD98A0FE87B}.Debug-Mobiflight (DE)|Mixed Platforms.ActiveCfg = Debug-Mobiflight (DE)|x86
		{FAD08758-74C5-4DBA-9BC5-1AD98A0FE87B}.Debug-Mobiflight (DE)|Mixed Platforms.Build.0 = Debug-Mobiflight (DE)|x86
		{FAD08758-74C5-4DBA-9BC5-1AD98A0FE87B}.Debug-Mobiflight (DE)|x86.ActiveCfg = Debug-Mobiflight (DE)|x86
		{FAD08758-74C5-4DBA-9BC5-1AD98A0FE87B}.Debug-Mobiflight (DE)|x86.Build.0 = Debug-Mobiflight (DE)|x86
		{FAD08758-74C5-4DBA-9BC5-1AD98A0FE87B}.Debug-Mobiflight (EN)|Any CPU.ActiveCfg = Debug-Mobiflight (EN)|x86
		{FAD08758-74C5-4DBA-9BC5-1AD98A0FE87B}.Debug-Mobiflight (EN)|Any CPU.Build.0 = Debug-Mobiflight (EN)|x86
		{FAD08758-74C5-4DBA-9BC5-1AD98A0FE87B}.Debug-Mobiflight (EN)|Mixed Platforms.ActiveCfg = Debug-Mobiflight (EN)|x86
		{FAD08758-74C5-4DBA-9BC5-1AD98A0FE87B}.Debug-Mobiflight (EN)|Mixed Platforms.Build.0 = Debug-Mobiflight (EN)|x86
		{FAD08758-74C5-4DBA-9BC5-1AD98A0FE87B}.Debug-Mobiflight (EN)|x86.ActiveCfg = Debug-Mobiflight (EN)|x86
		{FAD08758-74C5-4DBA-9BC5-1AD98A0FE87B}.Debug-Mobiflight (EN)|x86.Build.0 = Debug-Mobiflight (EN)|x86
		{FAD08758-74C5-4DBA-9BC5-1AD98A0FE87B}.Debug-Mobiflight Offline|Any CPU.ActiveCfg = Debug-Mobiflight Offline|x86
		{FAD08758-74C5-4DBA-9BC5-1AD98A0FE87B}.Debug-Mobiflight Offline|Mixed Platforms.ActiveCfg = Debug-Mobiflight Offline|x86
		{FAD08758-74C5-4DBA-9BC5-1AD98A0FE87B}.Debug-Mobiflight Offline|Mixed Platforms.Build.0 = Debug-Mobiflight Offline|x86
		{FAD08758-74C5-4DBA-9BC5-1AD98A0FE87B}.Debug-Mobiflight Offline|x86.ActiveCfg = Debug-Mobiflight Offline|x86
		{FAD08758-74C5-4DBA-9BC5-1AD98A0FE87B}.Debug-Mobiflight Offline|x86.Build.0 = Debug-Mobiflight Offline|x86
		{FAD08758-74C5-4DBA-9BC5-1AD98A0FE87B}.Debug-Mobiflight|Any CPU.ActiveCfg = Debug-Mobiflight|x86
		{FAD08758-74C5-4DBA-9BC5-1AD98A0FE87B}.Debug-Mobiflight|Any CPU.Build.0 = Debug-Mobiflight|x86
		{FAD08758-74C5-4DBA-9BC5-1AD98A0FE87B}.Debug-Mobiflight|Mixed Platforms.ActiveCfg = Debug-Mobiflight|x86
		{FAD08758-74C5-4DBA-9BC5-1AD98A0FE87B}.Debug-Mobiflight|Mixed Platforms.Build.0 = Debug-Mobiflight|x86
		{FAD08758-74C5-4DBA-9BC5-1AD98A0FE87B}.Debug-Mobiflight|x86.ActiveCfg = Debug-Mobiflight|x86
		{FAD08758-74C5-4DBA-9BC5-1AD98A0FE87B}.Debug-Mobiflight|x86.Build.0 = Debug-Mobiflight|x86
		{FAD08758-74C5-4DBA-9BC5-1AD98A0FE87B}.Release|Any CPU.ActiveCfg = Release|x86
		{FAD08758-74C5-4DBA-9BC5-1AD98A0FE87B}.Release|Mixed Platforms.ActiveCfg = Release|x86
		{FAD08758-74C5-4DBA-9BC5-1AD98A0FE87B}.Release|Mixed Platforms.Build.0 = Release|x86
		{FAD08758-74C5-4DBA-9BC5-1AD98A0FE87B}.Release|x86.ActiveCfg = Release|x86
		{FAD08758-74C5-4DBA-9BC5-1AD98A0FE87B}.Release|x86.Build.0 = Release|x86
		{FAD08758-74C5-4DBA-9BC5-1AD98A0FE87B}.Release-Mobiflight (EN)|Any CPU.ActiveCfg = Release-Mobiflight (EN)|x86
		{FAD08758-74C5-4DBA-9BC5-1AD98A0FE87B}.Release-Mobiflight (EN)|Mixed Platforms.ActiveCfg = Release-Mobiflight (EN)|x86
		{FAD08758-74C5-4DBA-9BC5-1AD98A0FE87B}.Release-Mobiflight (EN)|Mixed Platforms.Build.0 = Release-Mobiflight (EN)|x86
		{FAD08758-74C5-4DBA-9BC5-1AD98A0FE87B}.Release-Mobiflight (EN)|x86.ActiveCfg = Release-Mobiflight (EN)|x86
		{FAD08758-74C5-4DBA-9BC5-1AD98A0FE87B}.Release-Mobiflight (EN)|x86.Build.0 = Release-Mobiflight (EN)|x86
		{FAD08758-74C5-4DBA-9BC5-1AD98A0FE87B}.Release-Mobiflight|Any CPU.ActiveCfg = Release-Mobiflight|x86
		{FAD08758-74C5-4DBA-9BC5-1AD98A0FE87B}.Release-Mobiflight|Mixed Platforms.ActiveCfg = Release-Mobiflight|x86
		{FAD08758-74C5-4DBA-9BC5-1AD98A0FE87B}.Release-Mobiflight|Mixed Platforms.Build.0 = Release-Mobiflight|x86
		{FAD08758-74C5-4DBA-9BC5-1AD98A0FE87B}.Release-Mobiflight|x86.ActiveCfg = Release-Mobiflight|x86
		{FAD08758-74C5-4DBA-9BC5-1AD98A0FE87B}.Release-Mobiflight|x86.Build.0 = Release-Mobiflight|x86
		{FB9E7E6B-B19F-4F37-A708-2996190CEF13}.Debug|Any CPU.ActiveCfg = Debug|Any CPU
		{FB9E7E6B-B19F-4F37-A708-2996190CEF13}.Debug|Any CPU.Build.0 = Debug|Any CPU
		{FB9E7E6B-B19F-4F37-A708-2996190CEF13}.Debug|Mixed Platforms.ActiveCfg = Debug|Any CPU
		{FB9E7E6B-B19F-4F37-A708-2996190CEF13}.Debug|Mixed Platforms.Build.0 = Debug|Any CPU
		{FB9E7E6B-B19F-4F37-A708-2996190CEF13}.Debug|x86.ActiveCfg = Debug|Any CPU
		{FB9E7E6B-B19F-4F37-A708-2996190CEF13}.Debug-Mobiflight (DE)|Any CPU.ActiveCfg = Debug-Mobiflight Offline|Any CPU
		{FB9E7E6B-B19F-4F37-A708-2996190CEF13}.Debug-Mobiflight (DE)|Any CPU.Build.0 = Debug-Mobiflight Offline|Any CPU
		{FB9E7E6B-B19F-4F37-A708-2996190CEF13}.Debug-Mobiflight (DE)|Mixed Platforms.ActiveCfg = Debug-Mobiflight Offline|Any CPU
		{FB9E7E6B-B19F-4F37-A708-2996190CEF13}.Debug-Mobiflight (DE)|Mixed Platforms.Build.0 = Debug-Mobiflight Offline|Any CPU
		{FB9E7E6B-B19F-4F37-A708-2996190CEF13}.Debug-Mobiflight (DE)|x86.ActiveCfg = Debug-Mobiflight Offline|Any CPU
		{FB9E7E6B-B19F-4F37-A708-2996190CEF13}.Debug-Mobiflight (DE)|x86.Build.0 = Debug-Mobiflight Offline|Any CPU
		{FB9E7E6B-B19F-4F37-A708-2996190CEF13}.Debug-Mobiflight (EN)|Any CPU.ActiveCfg = Debug-Mobiflight Offline|Any CPU
		{FB9E7E6B-B19F-4F37-A708-2996190CEF13}.Debug-Mobiflight (EN)|Any CPU.Build.0 = Debug-Mobiflight Offline|Any CPU
		{FB9E7E6B-B19F-4F37-A708-2996190CEF13}.Debug-Mobiflight (EN)|Mixed Platforms.ActiveCfg = Debug-Mobiflight Offline|Any CPU
		{FB9E7E6B-B19F-4F37-A708-2996190CEF13}.Debug-Mobiflight (EN)|Mixed Platforms.Build.0 = Debug-Mobiflight Offline|Any CPU
		{FB9E7E6B-B19F-4F37-A708-2996190CEF13}.Debug-Mobiflight (EN)|x86.ActiveCfg = Debug-Mobiflight Offline|Any CPU
		{FB9E7E6B-B19F-4F37-A708-2996190CEF13}.Debug-Mobiflight (EN)|x86.Build.0 = Debug-Mobiflight Offline|Any CPU
		{FB9E7E6B-B19F-4F37-A708-2996190CEF13}.Debug-Mobiflight Offline|Any CPU.ActiveCfg = Debug-Mobiflight Offline|Any CPU
		{FB9E7E6B-B19F-4F37-A708-2996190CEF13}.Debug-Mobiflight Offline|Any CPU.Build.0 = Debug-Mobiflight Offline|Any CPU
		{FB9E7E6B-B19F-4F37-A708-2996190CEF13}.Debug-Mobiflight Offline|Mixed Platforms.ActiveCfg = Debug-Mobiflight Offline|Any CPU
		{FB9E7E6B-B19F-4F37-A708-2996190CEF13}.Debug-Mobiflight Offline|Mixed Platforms.Build.0 = Debug-Mobiflight Offline|Any CPU
		{FB9E7E6B-B19F-4F37-A708-2996190CEF13}.Debug-Mobiflight Offline|x86.ActiveCfg = Debug-Mobiflight Offline|Any CPU
		{FB9E7E6B-B19F-4F37-A708-2996190CEF13}.Debug-Mobiflight Offline|x86.Build.0 = Debug-Mobiflight Offline|Any CPU
		{FB9E7E6B-B19F-4F37-A708-2996190CEF13}.Debug-Mobiflight|Any CPU.ActiveCfg = Debug|Any CPU
		{FB9E7E6B-B19F-4F37-A708-2996190CEF13}.Debug-Mobiflight|Any CPU.Build.0 = Debug|Any CPU
		{FB9E7E6B-B19F-4F37-A708-2996190CEF13}.Debug-Mobiflight|Mixed Platforms.ActiveCfg = Debug|Any CPU
		{FB9E7E6B-B19F-4F37-A708-2996190CEF13}.Debug-Mobiflight|Mixed Platforms.Build.0 = Debug|Any CPU
		{FB9E7E6B-B19F-4F37-A708-2996190CEF13}.Debug-Mobiflight|x86.ActiveCfg = Debug|Any CPU
		{FB9E7E6B-B19F-4F37-A708-2996190CEF13}.Debug-Mobiflight|x86.Build.0 = Debug|Any CPU
		{FB9E7E6B-B19F-4F37-A708-2996190CEF13}.Release|Any CPU.ActiveCfg = Release|Any CPU
		{FB9E7E6B-B19F-4F37-A708-2996190CEF13}.Release|Any CPU.Build.0 = Release|Any CPU
		{FB9E7E6B-B19F-4F37-A708-2996190CEF13}.Release|Mixed Platforms.ActiveCfg = Release|Any CPU
		{FB9E7E6B-B19F-4F37-A708-2996190CEF13}.Release|Mixed Platforms.Build.0 = Release|Any CPU
		{FB9E7E6B-B19F-4F37-A708-2996190CEF13}.Release|x86.ActiveCfg = Release|Any CPU
		{FB9E7E6B-B19F-4F37-A708-2996190CEF13}.Release-Mobiflight (EN)|Any CPU.ActiveCfg = Release-Mobiflight (EN)|Any CPU
		{FB9E7E6B-B19F-4F37-A708-2996190CEF13}.Release-Mobiflight (EN)|Any CPU.Build.0 = Release-Mobiflight (EN)|Any CPU
		{FB9E7E6B-B19F-4F37-A708-2996190CEF13}.Release-Mobiflight (EN)|Mixed Platforms.ActiveCfg = Release-Mobiflight (EN)|Any CPU
		{FB9E7E6B-B19F-4F37-A708-2996190CEF13}.Release-Mobiflight (EN)|Mixed Platforms.Build.0 = Release-Mobiflight (EN)|Any CPU
		{FB9E7E6B-B19F-4F37-A708-2996190CEF13}.Release-Mobiflight (EN)|x86.ActiveCfg = Release-Mobiflight (EN)|Any CPU
		{FB9E7E6B-B19F-4F37-A708-2996190CEF13}.Release-Mobiflight (EN)|x86.Build.0 = Release-Mobiflight (EN)|Any CPU
		{FB9E7E6B-B19F-4F37-A708-2996190CEF13}.Release-Mobiflight|Any CPU.ActiveCfg = Release|Any CPU
		{FB9E7E6B-B19F-4F37-A708-2996190CEF13}.Release-Mobiflight|Any CPU.Build.0 = Release|Any CPU
		{FB9E7E6B-B19F-4F37-A708-2996190CEF13}.Release-Mobiflight|Mixed Platforms.ActiveCfg = Release|Any CPU
		{FB9E7E6B-B19F-4F37-A708-2996190CEF13}.Release-Mobiflight|Mixed Platforms.Build.0 = Release|Any CPU
		{FB9E7E6B-B19F-4F37-A708-2996190CEF13}.Release-Mobiflight|x86.ActiveCfg = Release|Any CPU
		{89216209-3FEA-4722-B8F3-C7AFC9C0DC77}.Debug|Any CPU.ActiveCfg = Debug|Any CPU
		{89216209-3FEA-4722-B8F3-C7AFC9C0DC77}.Debug|Any CPU.Build.0 = Debug|Any CPU
		{89216209-3FEA-4722-B8F3-C7AFC9C0DC77}.Debug|Mixed Platforms.ActiveCfg = Debug|Any CPU
		{89216209-3FEA-4722-B8F3-C7AFC9C0DC77}.Debug|Mixed Platforms.Build.0 = Debug|Any CPU
		{89216209-3FEA-4722-B8F3-C7AFC9C0DC77}.Debug|x86.ActiveCfg = Debug|Any CPU
		{89216209-3FEA-4722-B8F3-C7AFC9C0DC77}.Debug|x86.Build.0 = Debug|Any CPU
		{89216209-3FEA-4722-B8F3-C7AFC9C0DC77}.Debug-Mobiflight (DE)|Any CPU.ActiveCfg = Debug-Mobiflight Offline|Any CPU
		{89216209-3FEA-4722-B8F3-C7AFC9C0DC77}.Debug-Mobiflight (DE)|Any CPU.Build.0 = Debug-Mobiflight Offline|Any CPU
		{89216209-3FEA-4722-B8F3-C7AFC9C0DC77}.Debug-Mobiflight (DE)|Mixed Platforms.ActiveCfg = Debug-Mobiflight Offline|Any CPU
		{89216209-3FEA-4722-B8F3-C7AFC9C0DC77}.Debug-Mobiflight (DE)|Mixed Platforms.Build.0 = Debug-Mobiflight Offline|Any CPU
		{89216209-3FEA-4722-B8F3-C7AFC9C0DC77}.Debug-Mobiflight (DE)|x86.ActiveCfg = Debug-Mobiflight Offline|Any CPU
		{89216209-3FEA-4722-B8F3-C7AFC9C0DC77}.Debug-Mobiflight (DE)|x86.Build.0 = Debug-Mobiflight Offline|Any CPU
		{89216209-3FEA-4722-B8F3-C7AFC9C0DC77}.Debug-Mobiflight (EN)|Any CPU.ActiveCfg = Debug-Mobiflight Offline|Any CPU
		{89216209-3FEA-4722-B8F3-C7AFC9C0DC77}.Debug-Mobiflight (EN)|Any CPU.Build.0 = Debug-Mobiflight Offline|Any CPU
		{89216209-3FEA-4722-B8F3-C7AFC9C0DC77}.Debug-Mobiflight (EN)|Mixed Platforms.ActiveCfg = Debug-Mobiflight Offline|Any CPU
		{89216209-3FEA-4722-B8F3-C7AFC9C0DC77}.Debug-Mobiflight (EN)|Mixed Platforms.Build.0 = Debug-Mobiflight Offline|Any CPU
		{89216209-3FEA-4722-B8F3-C7AFC9C0DC77}.Debug-Mobiflight (EN)|x86.ActiveCfg = Debug-Mobiflight Offline|Any CPU
		{89216209-3FEA-4722-B8F3-C7AFC9C0DC77}.Debug-Mobiflight (EN)|x86.Build.0 = Debug-Mobiflight Offline|Any CPU
		{89216209-3FEA-4722-B8F3-C7AFC9C0DC77}.Debug-Mobiflight Offline|Any CPU.ActiveCfg = Debug-Mobiflight Offline|Any CPU
		{89216209-3FEA-4722-B8F3-C7AFC9C0DC77}.Debug-Mobiflight Offline|Any CPU.Build.0 = Debug-Mobiflight Offline|Any CPU
		{89216209-3FEA-4722-B8F3-C7AFC9C0DC77}.Debug-Mobiflight Offline|Mixed Platforms.ActiveCfg = Debug-Mobiflight Offline|Any CPU
		{89216209-3FEA-4722-B8F3-C7AFC9C0DC77}.Debug-Mobiflight Offline|Mixed Platforms.Build.0 = Debug-Mobiflight Offline|Any CPU
		{89216209-3FEA-4722-B8F3-C7AFC9C0DC77}.Debug-Mobiflight Offline|x86.ActiveCfg = Debug-Mobiflight Offline|Any CPU
		{89216209-3FEA-4722-B8F3-C7AFC9C0DC77}.Debug-Mobiflight Offline|x86.Build.0 = Debug-Mobiflight Offline|Any CPU
		{89216209-3FEA-4722-B8F3-C7AFC9C0DC77}.Debug-Mobiflight|Any CPU.ActiveCfg = Debug|Any CPU
		{89216209-3FEA-4722-B8F3-C7AFC9C0DC77}.Debug-Mobiflight|Any CPU.Build.0 = Debug|Any CPU
		{89216209-3FEA-4722-B8F3-C7AFC9C0DC77}.Debug-Mobiflight|Mixed Platforms.ActiveCfg = Debug|Any CPU
		{89216209-3FEA-4722-B8F3-C7AFC9C0DC77}.Debug-Mobiflight|Mixed Platforms.Build.0 = Debug|Any CPU
		{89216209-3FEA-4722-B8F3-C7AFC9C0DC77}.Debug-Mobiflight|x86.ActiveCfg = Debug|Any CPU
		{89216209-3FEA-4722-B8F3-C7AFC9C0DC77}.Debug-Mobiflight|x86.Build.0 = Debug|Any CPU
		{89216209-3FEA-4722-B8F3-C7AFC9C0DC77}.Release|Any CPU.ActiveCfg = Release|Any CPU
		{89216209-3FEA-4722-B8F3-C7AFC9C0DC77}.Release|Any CPU.Build.0 = Release|Any CPU
		{89216209-3FEA-4722-B8F3-C7AFC9C0DC77}.Release|Mixed Platforms.ActiveCfg = Release|Any CPU
		{89216209-3FEA-4722-B8F3-C7AFC9C0DC77}.Release|Mixed Platforms.Build.0 = Release|Any CPU
		{89216209-3FEA-4722-B8F3-C7AFC9C0DC77}.Release|x86.ActiveCfg = Release|Any CPU
		{89216209-3FEA-4722-B8F3-C7AFC9C0DC77}.Release|x86.Build.0 = Release|Any CPU
		{89216209-3FEA-4722-B8F3-C7AFC9C0DC77}.Release-Mobiflight (EN)|Any CPU.ActiveCfg = Release-Mobiflight (EN)|Any CPU
		{89216209-3FEA-4722-B8F3-C7AFC9C0DC77}.Release-Mobiflight (EN)|Any CPU.Build.0 = Release-Mobiflight (EN)|Any CPU
		{89216209-3FEA-4722-B8F3-C7AFC9C0DC77}.Release-Mobiflight (EN)|Mixed Platforms.ActiveCfg = Release-Mobiflight (EN)|Any CPU
		{89216209-3FEA-4722-B8F3-C7AFC9C0DC77}.Release-Mobiflight (EN)|Mixed Platforms.Build.0 = Release-Mobiflight (EN)|Any CPU
		{89216209-3FEA-4722-B8F3-C7AFC9C0DC77}.Release-Mobiflight (EN)|x86.ActiveCfg = Release-Mobiflight (EN)|Any CPU
		{89216209-3FEA-4722-B8F3-C7AFC9C0DC77}.Release-Mobiflight (EN)|x86.Build.0 = Release-Mobiflight (EN)|Any CPU
		{89216209-3FEA-4722-B8F3-C7AFC9C0DC77}.Release-Mobiflight|Any CPU.ActiveCfg = Release|Any CPU
		{89216209-3FEA-4722-B8F3-C7AFC9C0DC77}.Release-Mobiflight|Any CPU.Build.0 = Release|Any CPU
		{89216209-3FEA-4722-B8F3-C7AFC9C0DC77}.Release-Mobiflight|Mixed Platforms.ActiveCfg = Release|Any CPU
		{89216209-3FEA-4722-B8F3-C7AFC9C0DC77}.Release-Mobiflight|Mixed Platforms.Build.0 = Release|Any CPU
		{89216209-3FEA-4722-B8F3-C7AFC9C0DC77}.Release-Mobiflight|x86.ActiveCfg = Release|Any CPU
		{89216209-3FEA-4722-B8F3-C7AFC9C0DC77}.Release-Mobiflight|x86.Build.0 = Release|Any CPU
		{657624C9-3CA3-4DB3-8107-2CC0356A5026}.Debug|Any CPU.ActiveCfg = Debug|Any CPU
		{657624C9-3CA3-4DB3-8107-2CC0356A5026}.Debug|Any CPU.Build.0 = Debug|Any CPU
		{657624C9-3CA3-4DB3-8107-2CC0356A5026}.Debug|Mixed Platforms.ActiveCfg = Debug|Any CPU
		{657624C9-3CA3-4DB3-8107-2CC0356A5026}.Debug|Mixed Platforms.Build.0 = Debug|Any CPU
		{657624C9-3CA3-4DB3-8107-2CC0356A5026}.Debug|x86.ActiveCfg = Debug|Any CPU
		{657624C9-3CA3-4DB3-8107-2CC0356A5026}.Debug|x86.Build.0 = Debug|Any CPU
		{657624C9-3CA3-4DB3-8107-2CC0356A5026}.Debug-Mobiflight (DE)|Any CPU.ActiveCfg = Debug|Any CPU
		{657624C9-3CA3-4DB3-8107-2CC0356A5026}.Debug-Mobiflight (DE)|Any CPU.Build.0 = Debug|Any CPU
		{657624C9-3CA3-4DB3-8107-2CC0356A5026}.Debug-Mobiflight (DE)|Mixed Platforms.ActiveCfg = Debug|Any CPU
		{657624C9-3CA3-4DB3-8107-2CC0356A5026}.Debug-Mobiflight (DE)|Mixed Platforms.Build.0 = Debug|Any CPU
		{657624C9-3CA3-4DB3-8107-2CC0356A5026}.Debug-Mobiflight (DE)|x86.ActiveCfg = Debug|Any CPU
		{657624C9-3CA3-4DB3-8107-2CC0356A5026}.Debug-Mobiflight (DE)|x86.Build.0 = Debug|Any CPU
		{657624C9-3CA3-4DB3-8107-2CC0356A5026}.Debug-Mobiflight (EN)|Any CPU.ActiveCfg = Debug|Any CPU
		{657624C9-3CA3-4DB3-8107-2CC0356A5026}.Debug-Mobiflight (EN)|Any CPU.Build.0 = Debug|Any CPU
		{657624C9-3CA3-4DB3-8107-2CC0356A5026}.Debug-Mobiflight (EN)|Mixed Platforms.ActiveCfg = Debug|Any CPU
		{657624C9-3CA3-4DB3-8107-2CC0356A5026}.Debug-Mobiflight (EN)|Mixed Platforms.Build.0 = Debug|Any CPU
		{657624C9-3CA3-4DB3-8107-2CC0356A5026}.Debug-Mobiflight (EN)|x86.ActiveCfg = Debug|Any CPU
		{657624C9-3CA3-4DB3-8107-2CC0356A5026}.Debug-Mobiflight (EN)|x86.Build.0 = Debug|Any CPU
		{657624C9-3CA3-4DB3-8107-2CC0356A5026}.Debug-Mobiflight Offline|Any CPU.ActiveCfg = Debug|Any CPU
		{657624C9-3CA3-4DB3-8107-2CC0356A5026}.Debug-Mobiflight Offline|Any CPU.Build.0 = Debug|Any CPU
		{657624C9-3CA3-4DB3-8107-2CC0356A5026}.Debug-Mobiflight Offline|Mixed Platforms.ActiveCfg = Debug|Any CPU
		{657624C9-3CA3-4DB3-8107-2CC0356A5026}.Debug-Mobiflight Offline|Mixed Platforms.Build.0 = Debug|Any CPU
		{657624C9-3CA3-4DB3-8107-2CC0356A5026}.Debug-Mobiflight Offline|x86.ActiveCfg = Debug|Any CPU
		{657624C9-3CA3-4DB3-8107-2CC0356A5026}.Debug-Mobiflight Offline|x86.Build.0 = Debug|Any CPU
		{657624C9-3CA3-4DB3-8107-2CC0356A5026}.Debug-Mobiflight|Any CPU.ActiveCfg = Debug|Any CPU
		{657624C9-3CA3-4DB3-8107-2CC0356A5026}.Debug-Mobiflight|Any CPU.Build.0 = Debug|Any CPU
		{657624C9-3CA3-4DB3-8107-2CC0356A5026}.Debug-Mobiflight|Mixed Platforms.ActiveCfg = Debug|Any CPU
		{657624C9-3CA3-4DB3-8107-2CC0356A5026}.Debug-Mobiflight|Mixed Platforms.Build.0 = Debug|Any CPU
		{657624C9-3CA3-4DB3-8107-2CC0356A5026}.Debug-Mobiflight|x86.ActiveCfg = Debug|Any CPU
		{657624C9-3CA3-4DB3-8107-2CC0356A5026}.Debug-Mobiflight|x86.Build.0 = Debug|Any CPU
		{657624C9-3CA3-4DB3-8107-2CC0356A5026}.Release|Any CPU.ActiveCfg = Release|Any CPU
		{657624C9-3CA3-4DB3-8107-2CC0356A5026}.Release|Any CPU.Build.0 = Release|Any CPU
		{657624C9-3CA3-4DB3-8107-2CC0356A5026}.Release|Mixed Platforms.ActiveCfg = Release|Any CPU
		{657624C9-3CA3-4DB3-8107-2CC0356A5026}.Release|Mixed Platforms.Build.0 = Release|Any CPU
		{657624C9-3CA3-4DB3-8107-2CC0356A5026}.Release|x86.ActiveCfg = Release|Any CPU
		{657624C9-3CA3-4DB3-8107-2CC0356A5026}.Release|x86.Build.0 = Release|Any CPU
		{657624C9-3CA3-4DB3-8107-2CC0356A5026}.Release-Mobiflight (EN)|Any CPU.ActiveCfg = Release|Any CPU
		{657624C9-3CA3-4DB3-8107-2CC0356A5026}.Release-Mobiflight (EN)|Any CPU.Build.0 = Release|Any CPU
		{657624C9-3CA3-4DB3-8107-2CC0356A5026}.Release-Mobiflight (EN)|Mixed Platforms.ActiveCfg = Release|Any CPU
		{657624C9-3CA3-4DB3-8107-2CC0356A5026}.Release-Mobiflight (EN)|Mixed Platforms.Build.0 = Release|Any CPU
		{657624C9-3CA3-4DB3-8107-2CC0356A5026}.Release-Mobiflight (EN)|x86.ActiveCfg = Release|Any CPU
		{657624C9-3CA3-4DB3-8107-2CC0356A5026}.Release-Mobiflight (EN)|x86.Build.0 = Release|Any CPU
		{657624C9-3CA3-4DB3-8107-2CC0356A5026}.Release-Mobiflight|Any CPU.ActiveCfg = Release|Any CPU
		{657624C9-3CA3-4DB3-8107-2CC0356A5026}.Release-Mobiflight|Any CPU.Build.0 = Release|Any CPU
		{657624C9-3CA3-4DB3-8107-2CC0356A5026}.Release-Mobiflight|Mixed Platforms.ActiveCfg = Release|Any CPU
		{657624C9-3CA3-4DB3-8107-2CC0356A5026}.Release-Mobiflight|Mixed Platforms.Build.0 = Release|Any CPU
		{657624C9-3CA3-4DB3-8107-2CC0356A5026}.Release-Mobiflight|x86.ActiveCfg = Release|Any CPU
		{657624C9-3CA3-4DB3-8107-2CC0356A5026}.Release-Mobiflight|x86.Build.0 = Release|Any CPU
		{3CF8F8FC-6F5C-46F8-94DC-C2E4C505ECA4}.Debug|Any CPU.ActiveCfg = Debug|Any CPU
		{3CF8F8FC-6F5C-46F8-94DC-C2E4C505ECA4}.Debug|Any CPU.Build.0 = Debug|Any CPU
		{3CF8F8FC-6F5C-46F8-94DC-C2E4C505ECA4}.Debug|Mixed Platforms.ActiveCfg = Debug|Any CPU
		{3CF8F8FC-6F5C-46F8-94DC-C2E4C505ECA4}.Debug|Mixed Platforms.Build.0 = Debug|Any CPU
		{3CF8F8FC-6F5C-46F8-94DC-C2E4C505ECA4}.Debug|x86.ActiveCfg = Debug|Any CPU
		{3CF8F8FC-6F5C-46F8-94DC-C2E4C505ECA4}.Debug|x86.Build.0 = Debug|Any CPU
		{3CF8F8FC-6F5C-46F8-94DC-C2E4C505ECA4}.Debug-Mobiflight (DE)|Any CPU.ActiveCfg = Debug-Mobiflight Offline|Any CPU
		{3CF8F8FC-6F5C-46F8-94DC-C2E4C505ECA4}.Debug-Mobiflight (DE)|Any CPU.Build.0 = Debug-Mobiflight Offline|Any CPU
		{3CF8F8FC-6F5C-46F8-94DC-C2E4C505ECA4}.Debug-Mobiflight (DE)|Mixed Platforms.ActiveCfg = Debug-Mobiflight Offline|Any CPU
		{3CF8F8FC-6F5C-46F8-94DC-C2E4C505ECA4}.Debug-Mobiflight (DE)|Mixed Platforms.Build.0 = Debug-Mobiflight Offline|Any CPU
		{3CF8F8FC-6F5C-46F8-94DC-C2E4C505ECA4}.Debug-Mobiflight (DE)|x86.ActiveCfg = Debug-Mobiflight Offline|Any CPU
		{3CF8F8FC-6F5C-46F8-94DC-C2E4C505ECA4}.Debug-Mobiflight (DE)|x86.Build.0 = Debug-Mobiflight Offline|Any CPU
		{3CF8F8FC-6F5C-46F8-94DC-C2E4C505ECA4}.Debug-Mobiflight (EN)|Any CPU.ActiveCfg = Debug-Mobiflight Offline|Any CPU
		{3CF8F8FC-6F5C-46F8-94DC-C2E4C505ECA4}.Debug-Mobiflight (EN)|Any CPU.Build.0 = Debug-Mobiflight Offline|Any CPU
		{3CF8F8FC-6F5C-46F8-94DC-C2E4C505ECA4}.Debug-Mobiflight (EN)|Mixed Platforms.ActiveCfg = Debug-Mobiflight Offline|Any CPU
		{3CF8F8FC-6F5C-46F8-94DC-C2E4C505ECA4}.Debug-Mobiflight (EN)|Mixed Platforms.Build.0 = Debug-Mobiflight Offline|Any CPU
		{3CF8F8FC-6F5C-46F8-94DC-C2E4C505ECA4}.Debug-Mobiflight (EN)|x86.ActiveCfg = Debug-Mobiflight Offline|Any CPU
		{3CF8F8FC-6F5C-46F8-94DC-C2E4C505ECA4}.Debug-Mobiflight (EN)|x86.Build.0 = Debug-Mobiflight Offline|Any CPU
		{3CF8F8FC-6F5C-46F8-94DC-C2E4C505ECA4}.Debug-Mobiflight Offline|Any CPU.ActiveCfg = Debug-Mobiflight Offline|Any CPU
		{3CF8F8FC-6F5C-46F8-94DC-C2E4C505ECA4}.Debug-Mobiflight Offline|Any CPU.Build.0 = Debug-Mobiflight Offline|Any CPU
		{3CF8F8FC-6F5C-46F8-94DC-C2E4C505ECA4}.Debug-Mobiflight Offline|Mixed Platforms.ActiveCfg = Debug-Mobiflight Offline|Any CPU
		{3CF8F8FC-6F5C-46F8-94DC-C2E4C505ECA4}.Debug-Mobiflight Offline|Mixed Platforms.Build.0 = Debug-Mobiflight Offline|Any CPU
		{3CF8F8FC-6F5C-46F8-94DC-C2E4C505ECA4}.Debug-Mobiflight Offline|x86.ActiveCfg = Debug-Mobiflight Offline|Any CPU
		{3CF8F8FC-6F5C-46F8-94DC-C2E4C505ECA4}.Debug-Mobiflight Offline|x86.Build.0 = Debug-Mobiflight Offline|Any CPU
		{3CF8F8FC-6F5C-46F8-94DC-C2E4C505ECA4}.Debug-Mobiflight|Any CPU.ActiveCfg = Debug-Mobiflight Offline|Any CPU
		{3CF8F8FC-6F5C-46F8-94DC-C2E4C505ECA4}.Debug-Mobiflight|Any CPU.Build.0 = Debug-Mobiflight Offline|Any CPU
		{3CF8F8FC-6F5C-46F8-94DC-C2E4C505ECA4}.Debug-Mobiflight|Mixed Platforms.ActiveCfg = Debug-Mobiflight Offline|Any CPU
		{3CF8F8FC-6F5C-46F8-94DC-C2E4C505ECA4}.Debug-Mobiflight|Mixed Platforms.Build.0 = Debug-Mobiflight Offline|Any CPU
		{3CF8F8FC-6F5C-46F8-94DC-C2E4C505ECA4}.Debug-Mobiflight|x86.ActiveCfg = Debug-Mobiflight Offline|Any CPU
		{3CF8F8FC-6F5C-46F8-94DC-C2E4C505ECA4}.Debug-Mobiflight|x86.Build.0 = Debug-Mobiflight Offline|Any CPU
		{3CF8F8FC-6F5C-46F8-94DC-C2E4C505ECA4}.Release|Any CPU.ActiveCfg = Release|Any CPU
		{3CF8F8FC-6F5C-46F8-94DC-C2E4C505ECA4}.Release|Any CPU.Build.0 = Release|Any CPU
		{3CF8F8FC-6F5C-46F8-94DC-C2E4C505ECA4}.Release|Mixed Platforms.ActiveCfg = Release|Any CPU
		{3CF8F8FC-6F5C-46F8-94DC-C2E4C505ECA4}.Release|Mixed Platforms.Build.0 = Release|Any CPU
		{3CF8F8FC-6F5C-46F8-94DC-C2E4C505ECA4}.Release|x86.ActiveCfg = Release|Any CPU
		{3CF8F8FC-6F5C-46F8-94DC-C2E4C505ECA4}.Release|x86.Build.0 = Release|Any CPU
		{3CF8F8FC-6F5C-46F8-94DC-C2E4C505ECA4}.Release-Mobiflight (EN)|Any CPU.ActiveCfg = Release-Mobiflight (EN)|Any CPU
		{3CF8F8FC-6F5C-46F8-94DC-C2E4C505ECA4}.Release-Mobiflight (EN)|Any CPU.Build.0 = Release-Mobiflight (EN)|Any CPU
		{3CF8F8FC-6F5C-46F8-94DC-C2E4C505ECA4}.Release-Mobiflight (EN)|Mixed Platforms.ActiveCfg = Release-Mobiflight (EN)|Any CPU
		{3CF8F8FC-6F5C-46F8-94DC-C2E4C505ECA4}.Release-Mobiflight (EN)|Mixed Platforms.Build.0 = Release-Mobiflight (EN)|Any CPU
		{3CF8F8FC-6F5C-46F8-94DC-C2E4C505ECA4}.Release-Mobiflight (EN)|x86.ActiveCfg = Release-Mobiflight (EN)|Any CPU
		{3CF8F8FC-6F5C-46F8-94DC-C2E4C505ECA4}.Release-Mobiflight (EN)|x86.Build.0 = Release-Mobiflight (EN)|Any CPU
		{3CF8F8FC-6F5C-46F8-94DC-C2E4C505ECA4}.Release-Mobiflight|Any CPU.ActiveCfg = Release-Mobiflight (EN)|Any CPU
		{3CF8F8FC-6F5C-46F8-94DC-C2E4C505ECA4}.Release-Mobiflight|Any CPU.Build.0 = Release-Mobiflight (EN)|Any CPU
		{3CF8F8FC-6F5C-46F8-94DC-C2E4C505ECA4}.Release-Mobiflight|Mixed Platforms.ActiveCfg = Release-Mobiflight (EN)|Any CPU
		{3CF8F8FC-6F5C-46F8-94DC-C2E4C505ECA4}.Release-Mobiflight|Mixed Platforms.Build.0 = Release-Mobiflight (EN)|Any CPU
		{3CF8F8FC-6F5C-46F8-94DC-C2E4C505ECA4}.Release-Mobiflight|x86.ActiveCfg = Release-Mobiflight (EN)|Any CPU
		{3CF8F8FC-6F5C-46F8-94DC-C2E4C505ECA4}.Release-Mobiflight|x86.Build.0 = Release-Mobiflight (EN)|Any CPU
		{9891291C-16A1-48B7-BAEE-9FE876663E0E}.Debug|Any CPU.ActiveCfg = Debug|Any CPU
		{9891291C-16A1-48B7-BAEE-9FE876663E0E}.Debug|Any CPU.Build.0 = Debug|Any CPU
		{9891291C-16A1-48B7-BAEE-9FE876663E0E}.Debug|Mixed Platforms.ActiveCfg = Debug|Any CPU
		{9891291C-16A1-48B7-BAEE-9FE876663E0E}.Debug|Mixed Platforms.Build.0 = Debug|Any CPU
		{9891291C-16A1-48B7-BAEE-9FE876663E0E}.Debug|x86.ActiveCfg = Debug|Any CPU
		{9891291C-16A1-48B7-BAEE-9FE876663E0E}.Debug|x86.Build.0 = Debug|Any CPU
		{9891291C-16A1-48B7-BAEE-9FE876663E0E}.Debug-Mobiflight (DE)|Any CPU.ActiveCfg = Debug|Any CPU
		{9891291C-16A1-48B7-BAEE-9FE876663E0E}.Debug-Mobiflight (DE)|Any CPU.Build.0 = Debug|Any CPU
		{9891291C-16A1-48B7-BAEE-9FE876663E0E}.Debug-Mobiflight (DE)|Mixed Platforms.ActiveCfg = Debug|Any CPU
		{9891291C-16A1-48B7-BAEE-9FE876663E0E}.Debug-Mobiflight (DE)|Mixed Platforms.Build.0 = Debug|Any CPU
		{9891291C-16A1-48B7-BAEE-9FE876663E0E}.Debug-Mobiflight (DE)|x86.ActiveCfg = Debug|Any CPU
		{9891291C-16A1-48B7-BAEE-9FE876663E0E}.Debug-Mobiflight (DE)|x86.Build.0 = Debug|Any CPU
		{9891291C-16A1-48B7-BAEE-9FE876663E0E}.Debug-Mobiflight (EN)|Any CPU.ActiveCfg = Debug|Any CPU
		{9891291C-16A1-48B7-BAEE-9FE876663E0E}.Debug-Mobiflight (EN)|Any CPU.Build.0 = Debug|Any CPU
		{9891291C-16A1-48B7-BAEE-9FE876663E0E}.Debug-Mobiflight (EN)|Mixed Platforms.ActiveCfg = Debug|Any CPU
		{9891291C-16A1-48B7-BAEE-9FE876663E0E}.Debug-Mobiflight (EN)|Mixed Platforms.Build.0 = Debug|Any CPU
		{9891291C-16A1-48B7-BAEE-9FE876663E0E}.Debug-Mobiflight (EN)|x86.ActiveCfg = Debug|Any CPU
		{9891291C-16A1-48B7-BAEE-9FE876663E0E}.Debug-Mobiflight (EN)|x86.Build.0 = Debug|Any CPU
		{9891291C-16A1-48B7-BAEE-9FE876663E0E}.Debug-Mobiflight Offline|Any CPU.ActiveCfg = Debug|Any CPU
		{9891291C-16A1-48B7-BAEE-9FE876663E0E}.Debug-Mobiflight Offline|Any CPU.Build.0 = Debug|Any CPU
		{9891291C-16A1-48B7-BAEE-9FE876663E0E}.Debug-Mobiflight Offline|Mixed Platforms.ActiveCfg = Debug|Any CPU
		{9891291C-16A1-48B7-BAEE-9FE876663E0E}.Debug-Mobiflight Offline|Mixed Platforms.Build.0 = Debug|Any CPU
		{9891291C-16A1-48B7-BAEE-9FE876663E0E}.Debug-Mobiflight Offline|x86.ActiveCfg = Debug|Any CPU
		{9891291C-16A1-48B7-BAEE-9FE876663E0E}.Debug-Mobiflight Offline|x86.Build.0 = Debug|Any CPU
		{9891291C-16A1-48B7-BAEE-9FE876663E0E}.Debug-Mobiflight|Any CPU.ActiveCfg = Debug|Any CPU
		{9891291C-16A1-48B7-BAEE-9FE876663E0E}.Debug-Mobiflight|Any CPU.Build.0 = Debug|Any CPU
		{9891291C-16A1-48B7-BAEE-9FE876663E0E}.Debug-Mobiflight|Mixed Platforms.ActiveCfg = Debug|Any CPU
		{9891291C-16A1-48B7-BAEE-9FE876663E0E}.Debug-Mobiflight|Mixed Platforms.Build.0 = Debug|Any CPU
		{9891291C-16A1-48B7-BAEE-9FE876663E0E}.Debug-Mobiflight|x86.ActiveCfg = Debug|Any CPU
		{9891291C-16A1-48B7-BAEE-9FE876663E0E}.Debug-Mobiflight|x86.Build.0 = Debug|Any CPU
		{9891291C-16A1-48B7-BAEE-9FE876663E0E}.Release|Any CPU.ActiveCfg = Release|Any CPU
		{9891291C-16A1-48B7-BAEE-9FE876663E0E}.Release|Any CPU.Build.0 = Release|Any CPU
		{9891291C-16A1-48B7-BAEE-9FE876663E0E}.Release|Mixed Platforms.ActiveCfg = Release|Any CPU
		{9891291C-16A1-48B7-BAEE-9FE876663E0E}.Release|Mixed Platforms.Build.0 = Release|Any CPU
		{9891291C-16A1-48B7-BAEE-9FE876663E0E}.Release|x86.ActiveCfg = Release|Any CPU
		{9891291C-16A1-48B7-BAEE-9FE876663E0E}.Release|x86.Build.0 = Release|Any CPU
		{9891291C-16A1-48B7-BAEE-9FE876663E0E}.Release-Mobiflight (EN)|Any CPU.ActiveCfg = Release|Any CPU
		{9891291C-16A1-48B7-BAEE-9FE876663E0E}.Release-Mobiflight (EN)|Any CPU.Build.0 = Release|Any CPU
		{9891291C-16A1-48B7-BAEE-9FE876663E0E}.Release-Mobiflight (EN)|Mixed Platforms.ActiveCfg = Release|Any CPU
		{9891291C-16A1-48B7-BAEE-9FE876663E0E}.Release-Mobiflight (EN)|Mixed Platforms.Build.0 = Release|Any CPU
		{9891291C-16A1-48B7-BAEE-9FE876663E0E}.Release-Mobiflight (EN)|x86.ActiveCfg = Release|Any CPU
		{9891291C-16A1-48B7-BAEE-9FE876663E0E}.Release-Mobiflight (EN)|x86.Build.0 = Release|Any CPU
		{9891291C-16A1-48B7-BAEE-9FE876663E0E}.Release-Mobiflight|Any CPU.ActiveCfg = Release|Any CPU
		{9891291C-16A1-48B7-BAEE-9FE876663E0E}.Release-Mobiflight|Any CPU.Build.0 = Release|Any CPU
		{9891291C-16A1-48B7-BAEE-9FE876663E0E}.Release-Mobiflight|Mixed Platforms.ActiveCfg = Release|Any CPU
		{9891291C-16A1-48B7-BAEE-9FE876663E0E}.Release-Mobiflight|Mixed Platforms.Build.0 = Release|Any CPU
		{9891291C-16A1-48B7-BAEE-9FE876663E0E}.Release-Mobiflight|x86.ActiveCfg = Release|Any CPU
		{9891291C-16A1-48B7-BAEE-9FE876663E0E}.Release-Mobiflight|x86.Build.0 = Release|Any CPU
	EndGlobalSection
	GlobalSection(SolutionProperties) = preSolution
		HideSolutionNode = FALSE
	EndGlobalSection
	GlobalSection(ExtensibilityGlobals) = postSolution
		SolutionGuid = {178FE40B-FB4C-4B70-9949-40A70BFA1DE8}
	EndGlobalSection
EndGlobal
