
Microsoft Visual Studio Solution File, Format Version 12.00
# Visual Studio 2012
VisualStudioVersion = 12.0.31101.0
MinimumVisualStudioVersion = 10.0.40219.1
Project("{F184B08F-C81C-45F6-A57F-5ABD9991F28F}") = "1-Receive", "Receive\1-Receive.vbproj", "{C5545DBA-7364-4FD1-B061-9C5FA5C06141}"
EndProject
Project("{F184B08F-C81C-45F6-A57F-5ABD9991F28F}") = "2-SendAndReceive", "SendAndReceive\2-SendAndReceive.vbproj", "{37286642-47EE-44D8-87D9-3CFAFC8D68BD}"
EndProject
Project("{F184B08F-C81C-45F6-A57F-5ABD9991F28F}") = "3-SendAndReceiveArguments", "SendAndReceiveArguments\3-SendAndReceiveArguments.vbproj", "{A1DBBE25-AD1A-4AA0-9CB4-5BD47B495178}"
EndProject
Project("{F184B08F-C81C-45F6-A57F-5ABD9991F28F}") = "4-SendAndReceiveBinaryArguments", "SendAndReceiveBinaryArguments\4-SendAndReceiveBinaryArguments.vbproj", "{E8A22A1D-5EA8-4FF1-808A-503225720837}"
EndProject
Project("{F184B08F-C81C-45F6-A57F-5ABD9991F28F}") = "5-DataLogging", "DataLogging\5-DataLogging.vbproj", "{8CBED77C-78BF-453F-8733-97798A95916F}"
EndProject
Project("{F184B08F-C81C-45F6-A57F-5ABD9991F28F}") = "6-ArduinoController", "ArduinoController\6-ArduinoController.vbproj", "{F994C186-EB6F-4E71-B274-DBF46F3534BB}"
EndProject
Project("{F184B08F-C81C-45F6-A57F-5ABD9991F28F}") = "9-TemperatureControl", "TemperatureControl\9-TemperatureControl.vbproj", "{78810760-E45A-4ACB-8D94-0E359E2F73FB}"
EndProject
Project("{F184B08F-C81C-45F6-A57F-5ABD9991F28F}") = "7-SimpleWatchdog", "SimpleWatchdog\7-SimpleWatchdog.vbproj", "{0D783DF1-9DEB-406D-8410-33A789B1FFD4}"
EndProject
Project("{F184B08F-C81C-45F6-A57F-5ABD9991F28F}") = "8-SimpleBluetooth", "SimpleBluetooth\8-SimpleBluetooth.vbproj", "{D1494302-6BD6-415F-A43A-4C3CD3EB7FD9}"
EndProject
Project("{FAE04EC0-301F-11D3-BF4B-00C04F79EFBC}") = "CommandMessenger", "..\CSharp\CommandMessenger\CommandMessenger.csproj", "{3CF8F8FC-6F5C-46F8-94DC-C2E4C505ECA4}"
EndProject
Project("{2150E333-8FDC-42A3-9474-1A3956D46DE8}") = "CommandMessenger.Transport", "CommandMessenger.Transport", "{6D07D2A6-2286-410B-A11C-84080E5FE405}"
EndProject
Project("{FAE04EC0-301F-11D3-BF4B-00C04F79EFBC}") = "CommandMessenger.Transport.Serial", "..\CSharp\CommandMessenger.Transport.Serial\CommandMessenger.Transport.Serial.csproj", "{00D85F0B-00A5-41FA-8A99-428C0199C663}"
EndProject
Project("{FAE04EC0-301F-11D3-BF4B-00C04F79EFBC}") = "CommandMessenger.Transport.Bluetooth", "..\CSharp\CommandMessenger.Transport.Bluetooth\CommandMessenger.Transport.Bluetooth.csproj", "{68BE9E17-9B05-4B66-BDE6-F2A4C50858EA}"
EndProject
Global
	GlobalSection(SolutionConfigurationPlatforms) = preSolution
		Debug|Any CPU = Debug|Any CPU
		Debug|x86 = Debug|x86
		Release|Any CPU = Release|Any CPU
		Release|x86 = Release|x86
		Debug|Mixed Platforms = Debug|Mixed Platforms
		Release|Mixed Platforms = Release|Mixed Platforms
	EndGlobalSection
	GlobalSection(ProjectConfigurationPlatforms) = postSolution
		{00D85F0B-00A5-41FA-8A99-428C0199C663}.Debug|Any CPU.ActiveCfg = Debug|Any CPU
		{00D85F0B-00A5-41FA-8A99-428C0199C663}.Debug|Any CPU.Build.0 = Debug|Any CPU
		{00D85F0B-00A5-41FA-8A99-428C0199C663}.Debug|Mixed Platforms.ActiveCfg = Debug|Any CPU
		{00D85F0B-00A5-41FA-8A99-428C0199C663}.Debug|Mixed Platforms.Build.0 = Debug|Any CPU
		{00D85F0B-00A5-41FA-8A99-428C0199C663}.Debug|x86.ActiveCfg = Release|x86
		{00D85F0B-00A5-41FA-8A99-428C0199C663}.Debug|x86.Build.0 = Release|x86
		{00D85F0B-00A5-41FA-8A99-428C0199C663}.Release|Any CPU.ActiveCfg = Release|Any CPU
		{00D85F0B-00A5-41FA-8A99-428C0199C663}.Release|Any CPU.Build.0 = Release|Any CPU
		{00D85F0B-00A5-41FA-8A99-428C0199C663}.Release|Mixed Platforms.ActiveCfg = Release|Any CPU
		{00D85F0B-00A5-41FA-8A99-428C0199C663}.Release|Mixed Platforms.Build.0 = Release|Any CPU
		{00D85F0B-00A5-41FA-8A99-428C0199C663}.Release|x86.ActiveCfg = Release|x86
		{00D85F0B-00A5-41FA-8A99-428C0199C663}.Release|x86.Build.0 = Release|x86
		{0D783DF1-9DEB-406D-8410-33A789B1FFD4}.Debug|Any CPU.ActiveCfg = Debug|Any CPU
		{0D783DF1-9DEB-406D-8410-33A789B1FFD4}.Debug|Any CPU.Build.0 = Debug|Any CPU
		{0D783DF1-9DEB-406D-8410-33A789B1FFD4}.Debug|Mixed Platforms.ActiveCfg = Debug|Any CPU
		{0D783DF1-9DEB-406D-8410-33A789B1FFD4}.Debug|Mixed Platforms.Build.0 = Debug|Any CPU
		{0D783DF1-9DEB-406D-8410-33A789B1FFD4}.Debug|x86.ActiveCfg = Release|x86
		{0D783DF1-9DEB-406D-8410-33A789B1FFD4}.Debug|x86.Build.0 = Release|x86
		{0D783DF1-9DEB-406D-8410-33A789B1FFD4}.Release|Any CPU.ActiveCfg = Release|Any CPU
		{0D783DF1-9DEB-406D-8410-33A789B1FFD4}.Release|Any CPU.Build.0 = Release|Any CPU
		{0D783DF1-9DEB-406D-8410-33A789B1FFD4}.Release|Mixed Platforms.ActiveCfg = Release|Any CPU
		{0D783DF1-9DEB-406D-8410-33A789B1FFD4}.Release|Mixed Platforms.Build.0 = Release|Any CPU
		{0D783DF1-9DEB-406D-8410-33A789B1FFD4}.Release|x86.ActiveCfg = Release|x86
		{0D783DF1-9DEB-406D-8410-33A789B1FFD4}.Release|x86.Build.0 = Release|x86
		{37286642-47EE-44D8-87D9-3CFAFC8D68BD}.Debug|Any CPU.ActiveCfg = Debug|Any CPU
		{37286642-47EE-44D8-87D9-3CFAFC8D68BD}.Debug|Any CPU.Build.0 = Debug|Any CPU
		{37286642-47EE-44D8-87D9-3CFAFC8D68BD}.Debug|Mixed Platforms.ActiveCfg = Debug|Any CPU
		{37286642-47EE-44D8-87D9-3CFAFC8D68BD}.Debug|Mixed Platforms.Build.0 = Debug|Any CPU
		{37286642-47EE-44D8-87D9-3CFAFC8D68BD}.Debug|x86.ActiveCfg = Release|x86
		{37286642-47EE-44D8-87D9-3CFAFC8D68BD}.Debug|x86.Build.0 = Release|x86
		{37286642-47EE-44D8-87D9-3CFAFC8D68BD}.Release|Any CPU.ActiveCfg = Release|Any CPU
		{37286642-47EE-44D8-87D9-3CFAFC8D68BD}.Release|Any CPU.Build.0 = Release|Any CPU
		{37286642-47EE-44D8-87D9-3CFAFC8D68BD}.Release|Mixed Platforms.ActiveCfg = Release|Any CPU
		{37286642-47EE-44D8-87D9-3CFAFC8D68BD}.Release|Mixed Platforms.Build.0 = Release|Any CPU
		{37286642-47EE-44D8-87D9-3CFAFC8D68BD}.Release|x86.ActiveCfg = Release|x86
		{37286642-47EE-44D8-87D9-3CFAFC8D68BD}.Release|x86.Build.0 = Release|x86
		{3CF8F8FC-6F5C-46F8-94DC-C2E4C505ECA4}.Debug|Any CPU.ActiveCfg = Debug|Any CPU
		{3CF8F8FC-6F5C-46F8-94DC-C2E4C505ECA4}.Debug|Any CPU.Build.0 = Debug|Any CPU
		{3CF8F8FC-6F5C-46F8-94DC-C2E4C505ECA4}.Debug|Mixed Platforms.ActiveCfg = Debug|Any CPU
		{3CF8F8FC-6F5C-46F8-94DC-C2E4C505ECA4}.Debug|Mixed Platforms.Build.0 = Debug|Any CPU
		{3CF8F8FC-6F5C-46F8-94DC-C2E4C505ECA4}.Debug|x86.ActiveCfg = Release|x86
		{3CF8F8FC-6F5C-46F8-94DC-C2E4C505ECA4}.Debug|x86.Build.0 = Release|x86
		{3CF8F8FC-6F5C-46F8-94DC-C2E4C505ECA4}.Release|Any CPU.ActiveCfg = Release|Any CPU
		{3CF8F8FC-6F5C-46F8-94DC-C2E4C505ECA4}.Release|Any CPU.Build.0 = Release|Any CPU
		{3CF8F8FC-6F5C-46F8-94DC-C2E4C505ECA4}.Release|Mixed Platforms.ActiveCfg = Release|Any CPU
		{3CF8F8FC-6F5C-46F8-94DC-C2E4C505ECA4}.Release|Mixed Platforms.Build.0 = Release|Any CPU
		{3CF8F8FC-6F5C-46F8-94DC-C2E4C505ECA4}.Release|x86.ActiveCfg = Release|x86
		{3CF8F8FC-6F5C-46F8-94DC-C2E4C505ECA4}.Release|x86.Build.0 = Release|x86
		{68BE9E17-9B05-4B66-BDE6-F2A4C50858EA}.Debug|Any CPU.ActiveCfg = Debug|Any CPU
		{68BE9E17-9B05-4B66-BDE6-F2A4C50858EA}.Debug|Any CPU.Build.0 = Debug|Any CPU
		{68BE9E17-9B05-4B66-BDE6-F2A4C50858EA}.Debug|Mixed Platforms.ActiveCfg = Debug|Any CPU
		{68BE9E17-9B05-4B66-BDE6-F2A4C50858EA}.Debug|Mixed Platforms.Build.0 = Debug|Any CPU
		{68BE9E17-9B05-4B66-BDE6-F2A4C50858EA}.Debug|x86.ActiveCfg = Release|x86
		{68BE9E17-9B05-4B66-BDE6-F2A4C50858EA}.Debug|x86.Build.0 = Release|x86
		{68BE9E17-9B05-4B66-BDE6-F2A4C50858EA}.Release|Any CPU.ActiveCfg = Release|Any CPU
		{68BE9E17-9B05-4B66-BDE6-F2A4C50858EA}.Release|Any CPU.Build.0 = Release|Any CPU
		{68BE9E17-9B05-4B66-BDE6-F2A4C50858EA}.Release|Mixed Platforms.ActiveCfg = Release|Any CPU
		{68BE9E17-9B05-4B66-BDE6-F2A4C50858EA}.Release|Mixed Platforms.Build.0 = Release|Any CPU
		{68BE9E17-9B05-4B66-BDE6-F2A4C50858EA}.Release|x86.ActiveCfg = Release|x86
		{68BE9E17-9B05-4B66-BDE6-F2A4C50858EA}.Release|x86.Build.0 = Release|x86
		{78810760-E45A-4ACB-8D94-0E359E2F73FB}.Debug|Any CPU.ActiveCfg = Debug|Any CPU
		{78810760-E45A-4ACB-8D94-0E359E2F73FB}.Debug|Any CPU.Build.0 = Debug|Any CPU
		{78810760-E45A-4ACB-8D94-0E359E2F73FB}.Debug|Mixed Platforms.ActiveCfg = Debug|Any CPU
		{78810760-E45A-4ACB-8D94-0E359E2F73FB}.Debug|Mixed Platforms.Build.0 = Debug|Any CPU
		{78810760-E45A-4ACB-8D94-0E359E2F73FB}.Debug|x86.ActiveCfg = Release|x86
		{78810760-E45A-4ACB-8D94-0E359E2F73FB}.Debug|x86.Build.0 = Release|x86
		{78810760-E45A-4ACB-8D94-0E359E2F73FB}.Release|Any CPU.ActiveCfg = Release|Any CPU
		{78810760-E45A-4ACB-8D94-0E359E2F73FB}.Release|Any CPU.Build.0 = Release|Any CPU
		{78810760-E45A-4ACB-8D94-0E359E2F73FB}.Release|Mixed Platforms.ActiveCfg = Release|Any CPU
		{78810760-E45A-4ACB-8D94-0E359E2F73FB}.Release|Mixed Platforms.Build.0 = Release|Any CPU
		{78810760-E45A-4ACB-8D94-0E359E2F73FB}.Release|x86.ActiveCfg = Release|x86
		{78810760-E45A-4ACB-8D94-0E359E2F73FB}.Release|x86.Build.0 = Release|x86
		{8CBED77C-78BF-453F-8733-97798A95916F}.Debug|Any CPU.ActiveCfg = Debug|Any CPU
		{8CBED77C-78BF-453F-8733-97798A95916F}.Debug|Any CPU.Build.0 = Debug|Any CPU
		{8CBED77C-78BF-453F-8733-97798A95916F}.Debug|Mixed Platforms.ActiveCfg = Debug|Any CPU
		{8CBED77C-78BF-453F-8733-97798A95916F}.Debug|Mixed Platforms.Build.0 = Debug|Any CPU
		{8CBED77C-78BF-453F-8733-97798A95916F}.Debug|x86.ActiveCfg = Release|x86
		{8CBED77C-78BF-453F-8733-97798A95916F}.Debug|x86.Build.0 = Release|x86
		{8CBED77C-78BF-453F-8733-97798A95916F}.Release|Any CPU.ActiveCfg = Release|Any CPU
		{8CBED77C-78BF-453F-8733-97798A95916F}.Release|Any CPU.Build.0 = Release|Any CPU
		{8CBED77C-78BF-453F-8733-97798A95916F}.Release|Mixed Platforms.ActiveCfg = Release|Any CPU
		{8CBED77C-78BF-453F-8733-97798A95916F}.Release|Mixed Platforms.Build.0 = Release|Any CPU
		{8CBED77C-78BF-453F-8733-97798A95916F}.Release|x86.ActiveCfg = Release|x86
		{8CBED77C-78BF-453F-8733-97798A95916F}.Release|x86.Build.0 = Release|x86
		{A1DBBE25-AD1A-4AA0-9CB4-5BD47B495178}.Debug|Any CPU.ActiveCfg = Debug|Any CPU
		{A1DBBE25-AD1A-4AA0-9CB4-5BD47B495178}.Debug|Any CPU.Build.0 = Debug|Any CPU
		{A1DBBE25-AD1A-4AA0-9CB4-5BD47B495178}.Debug|Mixed Platforms.ActiveCfg = Debug|Any CPU
		{A1DBBE25-AD1A-4AA0-9CB4-5BD47B495178}.Debug|Mixed Platforms.Build.0 = Debug|Any CPU
		{A1DBBE25-AD1A-4AA0-9CB4-5BD47B495178}.Debug|x86.ActiveCfg = Release|x86
		{A1DBBE25-AD1A-4AA0-9CB4-5BD47B495178}.Debug|x86.Build.0 = Release|x86
		{A1DBBE25-AD1A-4AA0-9CB4-5BD47B495178}.Release|Any CPU.ActiveCfg = Release|Any CPU
		{A1DBBE25-AD1A-4AA0-9CB4-5BD47B495178}.Release|Any CPU.Build.0 = Release|Any CPU
		{A1DBBE25-AD1A-4AA0-9CB4-5BD47B495178}.Release|Mixed Platforms.ActiveCfg = Release|Any CPU
		{A1DBBE25-AD1A-4AA0-9CB4-5BD47B495178}.Release|Mixed Platforms.Build.0 = Release|Any CPU
		{A1DBBE25-AD1A-4AA0-9CB4-5BD47B495178}.Release|x86.ActiveCfg = Release|x86
		{A1DBBE25-AD1A-4AA0-9CB4-5BD47B495178}.Release|x86.Build.0 = Release|x86
		{C5545DBA-7364-4FD1-B061-9C5FA5C06141}.Debug|Any CPU.ActiveCfg = Debug|Any CPU
		{C5545DBA-7364-4FD1-B061-9C5FA5C06141}.Debug|Any CPU.Build.0 = Debug|Any CPU
		{C5545DBA-7364-4FD1-B061-9C5FA5C06141}.Debug|Mixed Platforms.ActiveCfg = Debug|Any CPU
		{C5545DBA-7364-4FD1-B061-9C5FA5C06141}.Debug|Mixed Platforms.Build.0 = Debug|Any CPU
		{C5545DBA-7364-4FD1-B061-9C5FA5C06141}.Debug|x86.ActiveCfg = Release|x86
		{C5545DBA-7364-4FD1-B061-9C5FA5C06141}.Debug|x86.Build.0 = Release|x86
		{C5545DBA-7364-4FD1-B061-9C5FA5C06141}.Release|Any CPU.ActiveCfg = Release|Any CPU
		{C5545DBA-7364-4FD1-B061-9C5FA5C06141}.Release|Any CPU.Build.0 = Release|Any CPU
		{C5545DBA-7364-4FD1-B061-9C5FA5C06141}.Release|Mixed Platforms.ActiveCfg = Release|Any CPU
		{C5545DBA-7364-4FD1-B061-9C5FA5C06141}.Release|Mixed Platforms.Build.0 = Release|Any CPU
		{C5545DBA-7364-4FD1-B061-9C5FA5C06141}.Release|x86.ActiveCfg = Release|x86
		{C5545DBA-7364-4FD1-B061-9C5FA5C06141}.Release|x86.Build.0 = Release|x86
		{D1494302-6BD6-415F-A43A-4C3CD3EB7FD9}.Debug|Any CPU.ActiveCfg = Debug|Any CPU
		{D1494302-6BD6-415F-A43A-4C3CD3EB7FD9}.Debug|Any CPU.Build.0 = Debug|Any CPU
		{D1494302-6BD6-415F-A43A-4C3CD3EB7FD9}.Debug|Mixed Platforms.ActiveCfg = Debug|Any CPU
		{D1494302-6BD6-415F-A43A-4C3CD3EB7FD9}.Debug|Mixed Platforms.Build.0 = Debug|Any CPU
		{D1494302-6BD6-415F-A43A-4C3CD3EB7FD9}.Debug|x86.ActiveCfg = Release|x86
		{D1494302-6BD6-415F-A43A-4C3CD3EB7FD9}.Debug|x86.Build.0 = Release|x86
		{D1494302-6BD6-415F-A43A-4C3CD3EB7FD9}.Release|Any CPU.ActiveCfg = Release|Any CPU
		{D1494302-6BD6-415F-A43A-4C3CD3EB7FD9}.Release|Any CPU.Build.0 = Release|Any CPU
		{D1494302-6BD6-415F-A43A-4C3CD3EB7FD9}.Release|Mixed Platforms.ActiveCfg = Release|Any CPU
		{D1494302-6BD6-415F-A43A-4C3CD3EB7FD9}.Release|Mixed Platforms.Build.0 = Release|Any CPU
		{D1494302-6BD6-415F-A43A-4C3CD3EB7FD9}.Release|x86.ActiveCfg = Release|x86
		{D1494302-6BD6-415F-A43A-4C3CD3EB7FD9}.Release|x86.Build.0 = Release|x86
		{E8A22A1D-5EA8-4FF1-808A-503225720837}.Debug|Any CPU.ActiveCfg = Debug|Any CPU
		{E8A22A1D-5EA8-4FF1-808A-503225720837}.Debug|Any CPU.Build.0 = Debug|Any CPU
		{E8A22A1D-5EA8-4FF1-808A-503225720837}.Debug|Mixed Platforms.ActiveCfg = Debug|Any CPU
		{E8A22A1D-5EA8-4FF1-808A-503225720837}.Debug|Mixed Platforms.Build.0 = Debug|Any CPU
		{E8A22A1D-5EA8-4FF1-808A-503225720837}.Debug|x86.ActiveCfg = Release|x86
		{E8A22A1D-5EA8-4FF1-808A-503225720837}.Debug|x86.Build.0 = Release|x86
		{E8A22A1D-5EA8-4FF1-808A-503225720837}.Release|Any CPU.ActiveCfg = Release|Any CPU
		{E8A22A1D-5EA8-4FF1-808A-503225720837}.Release|Any CPU.Build.0 = Release|Any CPU
		{E8A22A1D-5EA8-4FF1-808A-503225720837}.Release|Mixed Platforms.ActiveCfg = Release|Any CPU
		{E8A22A1D-5EA8-4FF1-808A-503225720837}.Release|Mixed Platforms.Build.0 = Release|Any CPU
		{E8A22A1D-5EA8-4FF1-808A-503225720837}.Release|x86.ActiveCfg = Release|x86
		{E8A22A1D-5EA8-4FF1-808A-503225720837}.Release|x86.Build.0 = Release|x86
		{F994C186-EB6F-4E71-B274-DBF46F3534BB}.Debug|Any CPU.ActiveCfg = Debug|Any CPU
		{F994C186-EB6F-4E71-B274-DBF46F3534BB}.Debug|Any CPU.Build.0 = Debug|Any CPU
		{F994C186-EB6F-4E71-B274-DBF46F3534BB}.Debug|Mixed Platforms.ActiveCfg = Debug|Any CPU
		{F994C186-EB6F-4E71-B274-DBF46F3534BB}.Debug|Mixed Platforms.Build.0 = Debug|Any CPU
		{F994C186-EB6F-4E71-B274-DBF46F3534BB}.Debug|x86.ActiveCfg = Release|x86
		{F994C186-EB6F-4E71-B274-DBF46F3534BB}.Debug|x86.Build.0 = Release|x86
		{F994C186-EB6F-4E71-B274-DBF46F3534BB}.Release|Any CPU.ActiveCfg = Release|Any CPU
		{F994C186-EB6F-4E71-B274-DBF46F3534BB}.Release|Any CPU.Build.0 = Release|Any CPU
		{F994C186-EB6F-4E71-B274-DBF46F3534BB}.Release|Mixed Platforms.ActiveCfg = Release|Any CPU
		{F994C186-EB6F-4E71-B274-DBF46F3534BB}.Release|Mixed Platforms.Build.0 = Release|Any CPU
		{F994C186-EB6F-4E71-B274-DBF46F3534BB}.Release|x86.ActiveCfg = Release|x86
		{F994C186-EB6F-4E71-B274-DBF46F3534BB}.Release|x86.Build.0 = Release|x86
	EndGlobalSection
	GlobalSection(NestedProjects) = preSolution
		{00D85F0B-00A5-41FA-8A99-428C0199C663} = {6D07D2A6-2286-410B-A11C-84080E5FE405}
		{68BE9E17-9B05-4B66-BDE6-F2A4C50858EA} = {6D07D2A6-2286-410B-A11C-84080E5FE405}
	EndGlobalSection
	GlobalSection(SolutionProperties) = preSolution
		HideSolutionNode = FALSE
	EndGlobalSection
EndGlobal
